
Microsoft Visual Studio Solution File, Format Version 12.00
# Visual Studio 15
VisualStudioVersion = 15.0.26430.16
MinimumVisualStudioVersion = 10.0.40219.1
Project("{9A19103F-16F7-4668-BE54-9A1E7A4F7556}") = "BackpackCore", "Backpack\BackpackCore.csproj", "{2924C2C6-993E-48EC-9CF6-33A78E75CA95}"
EndProject
Project("{FAE04EC0-301F-11D3-BF4B-00C04F79EFBC}") = "Backpack.Sample", "Backpack.Sample\Backpack.Sample.csproj", "{E5DFCE80-5F98-4400-8A46-DD68CFBFCB91}"
EndProject
Project("{9A19103F-16F7-4668-BE54-9A1E7A4F7556}") = "Backpack.Tests.Framework", "Backpack.Tests.Framework\Backpack.Tests.Framework.csproj", "{CF64E8FB-76DD-41FC-B11B-3CAB74BF4EC4}"
EndProject
Project("{9A19103F-16F7-4668-BE54-9A1E7A4F7556}") = "Backpack.Tests.CoreFramework", "Backpack.Tests.CoreFramework\Backpack.Tests.CoreFramework.csproj", "{605F89F1-A20C-46E4-88CD-EF04302AC193}"
EndProject
Project("{9A19103F-16F7-4668-BE54-9A1E7A4F7556}") = "Backpack.Serilog", "Backpack.Serilog\Backpack.Serilog.csproj", "{89EDCD9A-6546-490A-9E6B-BA8CF2DB7E5C}"
EndProject
Project("{9A19103F-16F7-4668-BE54-9A1E7A4F7556}") = "Zipkin", "Zipkin\Zipkin.csproj", "{2EBD5C32-ED3B-4E90-9B24-FA2DD7450238}"
EndProject
Project("{2150E333-8FDC-42A3-9474-1A3956D46DE8}") = "Tests", "Tests", "{867E1A29-EE3E-47A8-850C-707EC9ACF20A}"
EndProject
Project("{2150E333-8FDC-42A3-9474-1A3956D46DE8}") = "Integration", "Integration", "{8660E32B-6496-40C7-868B-F061CFF3D148}"
EndProject
Project("{2150E333-8FDC-42A3-9474-1A3956D46DE8}") = "Zipkin", "Zipkin", "{9C533E58-C6B8-4AAC-A00D-94E78B2216CA}"
EndProject
Project("{FAE04EC0-301F-11D3-BF4B-00C04F79EFBC}") = "Zipkin.Sample", "Zipkin.Sample\Zipkin.Sample.csproj", "{D19FDFFA-A94D-48E1-8847-781B3E3471D7}"
EndProject
Project("{9A19103F-16F7-4668-BE54-9A1E7A4F7556}") = "Zipkin.EasyNetQ", "Zipkin.EasyNetQ\Zipkin.EasyNetQ.csproj", "{7EBF01B9-9DDD-42F8-AC09-B86944BC2B17}"
EndProject
Project("{9A19103F-16F7-4668-BE54-9A1E7A4F7556}") = "Zipkin.XB3Propagation", "Zipkin.XB3Propagation\Zipkin.XB3Propagation.csproj", "{127F6DCA-36B7-4ED2-AF1C-B92C31FC1060}"
EndProject
Project("{FAE04EC0-301F-11D3-BF4B-00C04F79EFBC}") = "Zipkin.Tests", "Zipkin.Tests\Zipkin.Tests.csproj", "{62F0CB8D-E6FD-43CD-B94E-E5775BA6990B}"
EndProject
Global
	GlobalSection(SolutionConfigurationPlatforms) = preSolution
		Debug|Any CPU = Debug|Any CPU
		Release|Any CPU = Release|Any CPU
	EndGlobalSection
	GlobalSection(ProjectConfigurationPlatforms) = postSolution
		{2924C2C6-993E-48EC-9CF6-33A78E75CA95}.Debug|Any CPU.ActiveCfg = Debug|Any CPU
		{2924C2C6-993E-48EC-9CF6-33A78E75CA95}.Debug|Any CPU.Build.0 = Debug|Any CPU
		{2924C2C6-993E-48EC-9CF6-33A78E75CA95}.Release|Any CPU.ActiveCfg = Release|Any CPU
		{2924C2C6-993E-48EC-9CF6-33A78E75CA95}.Release|Any CPU.Build.0 = Release|Any CPU
		{E5DFCE80-5F98-4400-8A46-DD68CFBFCB91}.Debug|Any CPU.ActiveCfg = Debug|Any CPU
		{E5DFCE80-5F98-4400-8A46-DD68CFBFCB91}.Debug|Any CPU.Build.0 = Debug|Any CPU
		{E5DFCE80-5F98-4400-8A46-DD68CFBFCB91}.Release|Any CPU.ActiveCfg = Release|Any CPU
		{E5DFCE80-5F98-4400-8A46-DD68CFBFCB91}.Release|Any CPU.Build.0 = Release|Any CPU
		{CF64E8FB-76DD-41FC-B11B-3CAB74BF4EC4}.Debug|Any CPU.ActiveCfg = Debug|Any CPU
		{CF64E8FB-76DD-41FC-B11B-3CAB74BF4EC4}.Debug|Any CPU.Build.0 = Debug|Any CPU
		{CF64E8FB-76DD-41FC-B11B-3CAB74BF4EC4}.Release|Any CPU.ActiveCfg = Release|Any CPU
		{CF64E8FB-76DD-41FC-B11B-3CAB74BF4EC4}.Release|Any CPU.Build.0 = Release|Any CPU
		{605F89F1-A20C-46E4-88CD-EF04302AC193}.Debug|Any CPU.ActiveCfg = Debug|Any CPU
		{605F89F1-A20C-46E4-88CD-EF04302AC193}.Debug|Any CPU.Build.0 = Debug|Any CPU
		{605F89F1-A20C-46E4-88CD-EF04302AC193}.Release|Any CPU.ActiveCfg = Release|Any CPU
		{605F89F1-A20C-46E4-88CD-EF04302AC193}.Release|Any CPU.Build.0 = Release|Any CPU
		{89EDCD9A-6546-490A-9E6B-BA8CF2DB7E5C}.Debug|Any CPU.ActiveCfg = Debug|Any CPU
		{89EDCD9A-6546-490A-9E6B-BA8CF2DB7E5C}.Debug|Any CPU.Build.0 = Debug|Any CPU
		{89EDCD9A-6546-490A-9E6B-BA8CF2DB7E5C}.Release|Any CPU.ActiveCfg = Release|Any CPU
		{89EDCD9A-6546-490A-9E6B-BA8CF2DB7E5C}.Release|Any CPU.Build.0 = Release|Any CPU
		{2EBD5C32-ED3B-4E90-9B24-FA2DD7450238}.Debug|Any CPU.ActiveCfg = Debug|Any CPU
		{2EBD5C32-ED3B-4E90-9B24-FA2DD7450238}.Debug|Any CPU.Build.0 = Debug|Any CPU
		{2EBD5C32-ED3B-4E90-9B24-FA2DD7450238}.Release|Any CPU.ActiveCfg = Release|Any CPU
		{2EBD5C32-ED3B-4E90-9B24-FA2DD7450238}.Release|Any CPU.Build.0 = Release|Any CPU
		{D19FDFFA-A94D-48E1-8847-781B3E3471D7}.Debug|Any CPU.ActiveCfg = Debug|Any CPU
		{D19FDFFA-A94D-48E1-8847-781B3E3471D7}.Debug|Any CPU.Build.0 = Debug|Any CPU
		{D19FDFFA-A94D-48E1-8847-781B3E3471D7}.Release|Any CPU.ActiveCfg = Release|Any CPU
		{D19FDFFA-A94D-48E1-8847-781B3E3471D7}.Release|Any CPU.Build.0 = Release|Any CPU
		{7EBF01B9-9DDD-42F8-AC09-B86944BC2B17}.Debug|Any CPU.ActiveCfg = Debug|Any CPU
		{7EBF01B9-9DDD-42F8-AC09-B86944BC2B17}.Debug|Any CPU.Build.0 = Debug|Any CPU
		{7EBF01B9-9DDD-42F8-AC09-B86944BC2B17}.Release|Any CPU.ActiveCfg = Release|Any CPU
		{7EBF01B9-9DDD-42F8-AC09-B86944BC2B17}.Release|Any CPU.Build.0 = Release|Any CPU
		{127F6DCA-36B7-4ED2-AF1C-B92C31FC1060}.Debug|Any CPU.ActiveCfg = Debug|Any CPU
		{127F6DCA-36B7-4ED2-AF1C-B92C31FC1060}.Debug|Any CPU.Build.0 = Debug|Any CPU
		{127F6DCA-36B7-4ED2-AF1C-B92C31FC1060}.Release|Any CPU.ActiveCfg = Release|Any CPU
		{127F6DCA-36B7-4ED2-AF1C-B92C31FC1060}.Release|Any CPU.Build.0 = Release|Any CPU
		{62F0CB8D-E6FD-43CD-B94E-E5775BA6990B}.Debug|Any CPU.ActiveCfg = Debug|Any CPU
		{62F0CB8D-E6FD-43CD-B94E-E5775BA6990B}.Debug|Any CPU.Build.0 = Debug|Any CPU
		{62F0CB8D-E6FD-43CD-B94E-E5775BA6990B}.Release|Any CPU.ActiveCfg = Release|Any CPU
		{62F0CB8D-E6FD-43CD-B94E-E5775BA6990B}.Release|Any CPU.Build.0 = Release|Any CPU
	EndGlobalSection
	GlobalSection(SolutionProperties) = preSolution
		HideSolutionNode = FALSE
	EndGlobalSection
	GlobalSection(NestedProjects) = preSolution
		{CF64E8FB-76DD-41FC-B11B-3CAB74BF4EC4} = {867E1A29-EE3E-47A8-850C-707EC9ACF20A}
		{605F89F1-A20C-46E4-88CD-EF04302AC193} = {867E1A29-EE3E-47A8-850C-707EC9ACF20A}
		{89EDCD9A-6546-490A-9E6B-BA8CF2DB7E5C} = {8660E32B-6496-40C7-868B-F061CFF3D148}
		{2EBD5C32-ED3B-4E90-9B24-FA2DD7450238} = {9C533E58-C6B8-4AAC-A00D-94E78B2216CA}
		{9C533E58-C6B8-4AAC-A00D-94E78B2216CA} = {8660E32B-6496-40C7-868B-F061CFF3D148}
		{D19FDFFA-A94D-48E1-8847-781B3E3471D7} = {9C533E58-C6B8-4AAC-A00D-94E78B2216CA}
		{7EBF01B9-9DDD-42F8-AC09-B86944BC2B17} = {9C533E58-C6B8-4AAC-A00D-94E78B2216CA}
		{127F6DCA-36B7-4ED2-AF1C-B92C31FC1060} = {9C533E58-C6B8-4AAC-A00D-94E78B2216CA}
		{62F0CB8D-E6FD-43CD-B94E-E5775BA6990B} = {9C533E58-C6B8-4AAC-A00D-94E78B2216CA}
	EndGlobalSection
EndGlobal
